
Microsoft Visual Studio Solution File, Format Version 12.00
# Visual Studio 14
VisualStudioVersion = 14.0.25123.0
MinimumVisualStudioVersion = 10.0.40219.1
Project("{FAE04EC0-301F-11D3-BF4B-00C04F79EFBC}") = "FlatFiles", "FlatFiles\FlatFiles.csproj", "{A1C961D9-8FBE-41E1-A5E2-498B3920A8E8}"
EndProject
Project("{FAE04EC0-301F-11D3-BF4B-00C04F79EFBC}") = "FlatFiles.Test", "FlatFiles.Test\FlatFiles.Test.csproj", "{4FA673F8-B4ED-4BB2-B727-0E15E477676B}"
EndProject
Global
	GlobalSection(SolutionConfigurationPlatforms) = preSolution
		Debug|Any CPU = Debug|Any CPU
		Release|Any CPU = Release|Any CPU
	EndGlobalSection
	GlobalSection(ProjectConfigurationPlatforms) = postSolution
		{A1C961D9-8FBE-41E1-A5E2-498B3920A8E8}.Debug|Any CPU.ActiveCfg = Debug|Any CPU
		{A1C961D9-8FBE-41E1-A5E2-498B3920A8E8}.Debug|Any CPU.Build.0 = Debug|Any CPU
		{A1C961D9-8FBE-41E1-A5E2-498B3920A8E8}.Release|Any CPU.ActiveCfg = Release|Any CPU
		{A1C961D9-8FBE-41E1-A5E2-498B3920A8E8}.Release|Any CPU.Build.0 = Release|Any CPU
		{4FA673F8-B4ED-4BB2-B727-0E15E477676B}.Debug|Any CPU.ActiveCfg = Debug|Any CPU
		{4FA673F8-B4ED-4BB2-B727-0E15E477676B}.Debug|Any CPU.Build.0 = Debug|Any CPU
		{4FA673F8-B4ED-4BB2-B727-0E15E477676B}.Release|Any CPU.ActiveCfg = Release|Any CPU
		{4FA673F8-B4ED-4BB2-B727-0E15E477676B}.Release|Any CPU.Build.0 = Release|Any CPU
	EndGlobalSection
	GlobalSection(SolutionProperties) = preSolution
		HideSolutionNode = FALSE
	EndGlobalSection
EndGlobal
